
Microsoft Visual Studio Solution File, Format Version 10.00
# Visual Studio 2008
Project("{8BC9CEB8-8B4A-11D0-8D11-00A0C91BC942}") = "Ray Tracer", "Ray Tracer.vcproj", "{AE32BD07-5DA1-46F2-9B15-5EB3EAA95243}"
EndProject
Global
	GlobalSection(SolutionConfigurationPlatforms) = preSolution
		Debug|Win32 = Debug|Win32
		Release|Win32 = Release|Win32
	EndGlobalSection
	GlobalSection(ProjectConfigurationPlatforms) = postSolution
		{AE32BD07-5DA1-46F2-9B15-5EB3EAA95243}.Debug|Win32.ActiveCfg = Debug|Win32
		{AE32BD07-5DA1-46F2-9B15-5EB3EAA95243}.Debug|Win32.Build.0 = Debug|Win32
		{AE32BD07-5DA1-46F2-9B15-5EB3EAA95243}.Release|Win32.ActiveCfg = Release|Win32
		{AE32BD07-5DA1-46F2-9B15-5EB3EAA95243}.Release|Win32.Build.0 = Release|Win32
	EndGlobalSection
	GlobalSection(SolutionProperties) = preSolution
		HideSolutionNode = FALSE
	EndGlobalSection
EndGlobal
